
Microsoft Visual Studio Solution File, Format Version 12.00
# Visual Studio Version 16
VisualStudioVersion = 16.0.31019.35
MinimumVisualStudioVersion = 10.0.40219.1
Project("{FAE04EC0-301F-11D3-BF4B-00C04F79EFBC}") = "Athenanet_api", "Athenanet_api.csproj", "{26045D28-CD79-4555-B6E6-B7985518654C}"
EndProject
Global
	GlobalSection(SolutionConfigurationPlatforms) = preSolution
		Debug|Any CPU = Debug|Any CPU
		Release|Any CPU = Release|Any CPU
	EndGlobalSection
	GlobalSection(ProjectConfigurationPlatforms) = postSolution
		{26045D28-CD79-4555-B6E6-B7985518654C}.Debug|Any CPU.ActiveCfg = Debug|Any CPU
		{26045D28-CD79-4555-B6E6-B7985518654C}.Debug|Any CPU.Build.0 = Debug|Any CPU
		{26045D28-CD79-4555-B6E6-B7985518654C}.Release|Any CPU.ActiveCfg = Release|Any CPU
		{26045D28-CD79-4555-B6E6-B7985518654C}.Release|Any CPU.Build.0 = Release|Any CPU
	EndGlobalSection
	GlobalSection(SolutionProperties) = preSolution
		HideSolutionNode = FALSE
	EndGlobalSection
	GlobalSection(ExtensibilityGlobals) = postSolution
		SolutionGuid = {9C1AF9F8-1009-4869-8FAB-A8D6AC658B45}
	EndGlobalSection
EndGlobal
